{
    __meta__ = {
        version = "1.0"
    },
    ["windows|x64"] = {
        ["bedrockdata v26.51.1-client.6#f56260b5"] = {
            repo = {
                commit = "a48ba86e7500ad7cff7f4ec87d27be5ad8446218",
                url = "https://github.com/LiteLDev/xmake-repo.git"
            },
            version = "v26.51.1-client.6"
        },
        ["cmake#f56260b5"] = {
            repo = {
                branch = "master",
                commit = "7e595f3d0db8964cbcfab0882233be1a8b0d5d79",
                url = "https://github.com/xmake-io/xmake-repo.git"
            },
            version = "4.3.4"
        },
        ["concurrentqueue v1.0.4#f56260b5"] = {
            repo = {
                branch = "master",
                commit = "7e595f3d0db8964cbcfab0882233be1a8b0d5d79",
                url = "https://github.com/xmake-io/xmake-repo.git"
            },
            version = "v1.0.4"
        },
        ["debug_assert#f56260b5"] = {
            repo = {
                branch = "master",
                commit = "7e595f3d0db8964cbcfab0882233be1a8b0d5d79",
                url = "https://github.com/xmake-io/xmake-repo.git"
            },
            version = "v1.3.4"
        },
        ["entt v4.0.0#f56260b5"] = {
            repo = {
                branch = "master",
                commit = "7e595f3d0db8964cbcfab0882233be1a8b0d5d79",
                url = "https://github.com/xmake-io/xmake-repo.git"
            },
            version = "v4.0.0"
        },
        ["expected-lite v0.8.0#f56260b5"] = {
            repo = {
                commit = "a48ba86e7500ad7cff7f4ec87d27be5ad8446218",
                url = "https://github.com/LiteLDev/xmake-repo.git"
            },
            version = "v0.8.0"
        },
        ["fmt 11.2.0#f56260b5"] = {
            repo = {
                branch = "master",
                commit = "7e595f3d0db8964cbcfab0882233be1a8b0d5d79",
                url = "https://github.com/xmake-io/xmake-repo.git"
            },
            version = "11.2.0"
        },
        ["glm 1.0.1#f56260b5"] = {
            repo = {
                branch = "master",
                commit = "7e595f3d0db8964cbcfab0882233be1a8b0d5d79",
                url = "https://github.com/xmake-io/xmake-repo.git"
            },
            version = "1.0.1"
        },
        ["gsl v4.2.0#f56260b5"] = {
            repo = {
                branch = "master",
                commit = "7e595f3d0db8964cbcfab0882233be1a8b0d5d79",
                url = "https://github.com/xmake-io/xmake-repo.git"
            },
            version = "v4.2.0"
        },
        ["leveldb 1.23#f56260b5"] = {
            repo = {
                branch = "master",
                commit = "7e595f3d0db8964cbcfab0882233be1a8b0d5d79",
                url = "https://github.com/xmake-io/xmake-repo.git"
            },
            version = "1.23"
        },
        ["levibuildscript#f56260b5"] = {
            repo = {
                commit = "a48ba86e7500ad7cff7f4ec87d27be5ad8446218",
                url = "https://github.com/LiteLDev/xmake-repo.git"
            },
            version = "0.6.1"
        },
        ["levilamina-client-sdk 26.51.5#16fb575b"] = {
            version = "26.51.5"
        },
        ["magic_enum v0.9.7#f56260b5"] = {
            repo = {
                branch = "master",
                commit = "7e595f3d0db8964cbcfab0882233be1a8b0d5d79",
                url = "https://github.com/xmake-io/xmake-repo.git"
            },
            version = "v0.9.7"
        },
        ["ninja#f56260b5"] = {
            repo = {
                branch = "master",
                commit = "7e595f3d0db8964cbcfab0882233be1a8b0d5d79",
                url = "https://github.com/xmake-io/xmake-repo.git"
            },
            version = "v1.13.2"
        },
        ["nlohmann_json v3.12.0#f56260b5"] = {
            repo = {
                branch = "master",
                commit = "7e595f3d0db8964cbcfab0882233be1a8b0d5d79",
                url = "https://github.com/xmake-io/xmake-repo.git"
            },
            version = "v3.12.0"
        },
        ["parallel-hashmap v1.3.12#f56260b5"] = {
            repo = {
                branch = "master",
                commit = "7e595f3d0db8964cbcfab0882233be1a8b0d5d79",
                url = "https://github.com/xmake-io/xmake-repo.git"
            },
            version = "v1.3.12"
        },
        ["pcg_cpp v1.0.0#f56260b5"] = {
            repo = {
                commit = "a48ba86e7500ad7cff7f4ec87d27be5ad8446218",
                url = "https://github.com/LiteLDev/xmake-repo.git"
            },
            version = "v1.0.0"
        },
        ["pfr 2.1.1#f56260b5"] = {
            repo = {
                commit = "a48ba86e7500ad7cff7f4ec87d27be5ad8446218",
                url = "https://github.com/LiteLDev/xmake-repo.git"
            },
            version = "2.1.1"
        },
        ["prelink v0.8.6#f56260b5"] = {
            repo = {
                commit = "a48ba86e7500ad7cff7f4ec87d27be5ad8446218",
                url = "https://github.com/LiteLDev/xmake-repo.git"
            },
            version = "v0.8.6"
        },
        ["rapidjson 2025.02.05#f56260b5"] = {
            repo = {
                branch = "master",
                commit = "7e595f3d0db8964cbcfab0882233be1a8b0d5d79",
                url = "https://github.com/xmake-io/xmake-repo.git"
            },
            version = "2025.02.05"
        },
        ["snappy#f56260b5"] = {
            repo = {
                branch = "master",
                commit = "7e595f3d0db8964cbcfab0882233be1a8b0d5d79",
                url = "https://github.com/xmake-io/xmake-repo.git"
            },
            version = "1.2.2"
        },
        ["stb 2025.03.14#f56260b5"] = {
            repo = {
                branch = "master",
                commit = "7e595f3d0db8964cbcfab0882233be1a8b0d5d79",
                url = "https://github.com/xmake-io/xmake-repo.git"
            },
            version = "2025.03.14"
        },
        ["symbolprovider v1.3.0#f56260b5"] = {
            repo = {
                commit = "a48ba86e7500ad7cff7f4ec87d27be5ad8446218",
                url = "https://github.com/LiteLDev/xmake-repo.git"
            },
            version = "v1.3.0"
        },
        ["type_safe v0.2.4#f56260b5"] = {
            repo = {
                branch = "master",
                commit = "7e595f3d0db8964cbcfab0882233be1a8b0d5d79",
                url = "https://github.com/xmake-io/xmake-repo.git"
            },
            version = "v0.2.4"
        }
    }
}